
Microsoft Visual Studio Solution File, Format Version 12.00
# Visual Studio Version 17
VisualStudioVersion = 17.4.33213.308
MinimumVisualStudioVersion = 10.0.40219.1
Project("{9A19103F-16F7-4668-BE54-9A1E7A4F7556}") = "Demo", "Demo.csproj", "{6EA4FE96-C6B1-41A3-B3FD-F9CE949569DF}"
EndProject
Project("{FAE04EC0-301F-11D3-BF4B-00C04F79EFBC}") = "Helper", "..\Helper\Helper.csproj", "{E77B6D8D-9E01-4189-AC59-1F1FC8A93DB1}"
EndProject
Project("{9A19103F-16F7-4668-BE54-9A1E7A4F7556}") = "FirmaXadesNetCore", "..\FirmaXadesNetCore\FirmaXadesNetCore.csproj", "{F8060CCC-204B-401D-9289-4940E412DA7D}"
EndProject
Project("{9A19103F-16F7-4668-BE54-9A1E7A4F7556}") = "FirmarPDFLibrary", "..\FirmarPDFLibrary\FirmarPDFLibrary.csproj", "{6450785D-B68B-4091-916D-C38F111F4BFB}"
EndProject
Project("{9A19103F-16F7-4668-BE54-9A1E7A4F7556}") = "PostInstallTask", "..\PostInstallTask\PostInstallTask.csproj", "{DA157123-FBA5-4EC2-B931-763A34F10D2E}"
EndProject
Global
	GlobalSection(SolutionConfigurationPlatforms) = preSolution
		Debug|Any CPU = Debug|Any CPU
		Release|Any CPU = Release|Any CPU
	EndGlobalSection
	GlobalSection(ProjectConfigurationPlatforms) = postSolution
		{6EA4FE96-C6B1-41A3-B3FD-F9CE949569DF}.Debug|Any CPU.ActiveCfg = Debug|Any CPU
		{6EA4FE96-C6B1-41A3-B3FD-F9CE949569DF}.Debug|Any CPU.Build.0 = Debug|Any CPU
		{6EA4FE96-C6B1-41A3-B3FD-F9CE949569DF}.Release|Any CPU.ActiveCfg = Release|Any CPU
		{6EA4FE96-C6B1-41A3-B3FD-F9CE949569DF}.Release|Any CPU.Build.0 = Release|Any CPU
		{E77B6D8D-9E01-4189-AC59-1F1FC8A93DB1}.Debug|Any CPU.ActiveCfg = Debug|Any CPU
		{E77B6D8D-9E01-4189-AC59-1F1FC8A93DB1}.Debug|Any CPU.Build.0 = Debug|Any CPU
		{E77B6D8D-9E01-4189-AC59-1F1FC8A93DB1}.Release|Any CPU.ActiveCfg = Release|Any CPU
		{E77B6D8D-9E01-4189-AC59-1F1FC8A93DB1}.Release|Any CPU.Build.0 = Release|Any CPU
		{F8060CCC-204B-401D-9289-4940E412DA7D}.Debug|Any CPU.ActiveCfg = Debug|Any CPU
		{F8060CCC-204B-401D-9289-4940E412DA7D}.Debug|Any CPU.Build.0 = Debug|Any CPU
		{F8060CCC-204B-401D-9289-4940E412DA7D}.Release|Any CPU.ActiveCfg = Release|Any CPU
		{F8060CCC-204B-401D-9289-4940E412DA7D}.Release|Any CPU.Build.0 = Release|Any CPU
		{6450785D-B68B-4091-916D-C38F111F4BFB}.Debug|Any CPU.ActiveCfg = Debug|Any CPU
		{6450785D-B68B-4091-916D-C38F111F4BFB}.Debug|Any CPU.Build.0 = Debug|Any CPU
		{6450785D-B68B-4091-916D-C38F111F4BFB}.Release|Any CPU.ActiveCfg = Release|Any CPU
		{6450785D-B68B-4091-916D-C38F111F4BFB}.Release|Any CPU.Build.0 = Release|Any CPU
		{DA157123-FBA5-4EC2-B931-763A34F10D2E}.Debug|Any CPU.ActiveCfg = Debug|Any CPU
		{DA157123-FBA5-4EC2-B931-763A34F10D2E}.Debug|Any CPU.Build.0 = Debug|Any CPU
		{DA157123-FBA5-4EC2-B931-763A34F10D2E}.Release|Any CPU.ActiveCfg = Release|Any CPU
		{DA157123-FBA5-4EC2-B931-763A34F10D2E}.Release|Any CPU.Build.0 = Release|Any CPU
	EndGlobalSection
	GlobalSection(SolutionProperties) = preSolution
		HideSolutionNode = FALSE
	EndGlobalSection
	GlobalSection(ExtensibilityGlobals) = postSolution
		SolutionGuid = {D4D196D6-1365-46F0-8882-16E6A2E14510}
	EndGlobalSection
EndGlobal
